
Microsoft Visual Studio Solution File, Format Version 12.00
# Visual Studio Version 16
VisualStudioVersion = 16.0.31911.196
MinimumVisualStudioVersion = 10.0.40219.1
Project("{FAE04EC0-301F-11D3-BF4B-00C04F79EFBC}") = "quiz", "quiz\quiz.csproj", "{6C5A789C-C7CF-4270-8E4B-3CC74CC7ECB8}"
EndProject
Global
	GlobalSection(SolutionConfigurationPlatforms) = preSolution
		Debug|Any CPU = Debug|Any CPU
		Release|Any CPU = Release|Any CPU
	EndGlobalSection
	GlobalSection(ProjectConfigurationPlatforms) = postSolution
		{6C5A789C-C7CF-4270-8E4B-3CC74CC7ECB8}.Debug|Any CPU.ActiveCfg = Debug|Any CPU
		{6C5A789C-C7CF-4270-8E4B-3CC74CC7ECB8}.Debug|Any CPU.Build.0 = Debug|Any CPU
		{6C5A789C-C7CF-4270-8E4B-3CC74CC7ECB8}.Release|Any CPU.ActiveCfg = Release|Any CPU
		{6C5A789C-C7CF-4270-8E4B-3CC74CC7ECB8}.Release|Any CPU.Build.0 = Release|Any CPU
	EndGlobalSection
	GlobalSection(SolutionProperties) = preSolution
		HideSolutionNode = FALSE
	EndGlobalSection
	GlobalSection(ExtensibilityGlobals) = postSolution
		SolutionGuid = {5148B843-C189-4A80-B8EB-9F811B949663}
	EndGlobalSection
EndGlobal
